// !$*UTF8*$!
{
	archiveVersion = 1;
	classes = {
	};
	objectVersion = 46;
	objects = {

/* Begin PBXBuildFile section */
		6C33E3E01AE52DEF00BE5A92 /* AppDelegate.swift in Sources */ = {isa = PBXBuildFile; fileRef = 6C33E3DF1AE52DEF00BE5A92 /* AppDelegate.swift */; };
		6C33E3E21AE52DEF00BE5A92 /* MenuViewController.swift in Sources */ = {isa = PBXBuildFile; fileRef = 6C33E3E11AE52DEF00BE5A92 /* MenuViewController.swift */; };
		6C33E3E71AE52DEF00BE5A92 /* Images.xcassets in Resources */ = {isa = PBXBuildFile; fileRef = 6C33E3E61AE52DEF00BE5A92 /* Images.xcassets */; };
		6C33E3EA1AE52DEF00BE5A92 /* LaunchScreen.xib in Resources */ = {isa = PBXBuildFile; fileRef = 6C33E3E81AE52DEF00BE5A92 /* LaunchScreen.xib */; };
		6C33E3F61AE52DEF00BE5A92 /* PairsDemoTests.swift in Sources */ = {isa = PBXBuildFile; fileRef = 6C33E3F51AE52DEF00BE5A92 /* PairsDemoTests.swift */; };
		6C33E4001AE5310400BE5A92 /* MenuView.swift in Sources */ = {isa = PBXBuildFile; fileRef = 6C33E3FF1AE5310400BE5A92 /* MenuView.swift */; };
/* End PBXBuildFile section */

/* Begin PBXContainerItemProxy section */
		6C33E3F01AE52DEF00BE5A92 /* PBXContainerItemProxy */ = {
			isa = PBXContainerItemProxy;
			containerPortal = 6C33E3D21AE52DEF00BE5A92 /* Project object */;
			proxyType = 1;
			remoteGlobalIDString = 6C33E3D91AE52DEF00BE5A92;
			remoteInfo = PairsDemo;
		};
/* End PBXContainerItemProxy section */

/* Begin PBXFileReference section */
		6C33E3DA1AE52DEF00BE5A92 /* PairsDemo.app */ = {isa = PBXFileReference; explicitFileType = wrapper.application; includeInIndex = 0; path = PairsDemo.app; sourceTree = BUILT_PRODUCTS_DIR; };
		6C33E3DE1AE52DEF00BE5A92 /* Info.plist */ = {isa = PBXFileReference; lastKnownFileType = text.plist.xml; path = Info.plist; sourceTree = "<group>"; };
		6C33E3DF1AE52DEF00BE5A92 /* AppDelegate.swift */ = {isa = PBXFileReference; lastKnownFileType = sourcecode.swift; path = AppDelegate.swift; sourceTree = "<group>"; };
		6C33E3E11AE52DEF00BE5A92 /* MenuViewController.swift */ = {isa = PBXFileReference; lastKnownFileType = sourcecode.swift; path = MenuViewController.swift; sourceTree = "<group>"; };
		6C33E3E61AE52DEF00BE5A92 /* Images.xcassets */ = {isa = PBXFileReference; lastKnownFileType = folder.assetcatalog; path = Images.xcassets; sourceTree = "<group>"; };
		6C33E3E91AE52DEF00BE5A92 /* Base */ = {isa = PBXFileReference; lastKnownFileType = file.xib; name = Base; path = Base.lproj/LaunchScreen.xib; sourceTree = "<group>"; };
		6C33E3EF1AE52DEF00BE5A92 /* PairsDemoTests.xctest */ = {isa = PBXFileReference; explicitFileType = wrapper.cfbundle; includeInIndex = 0; path = PairsDemoTests.xctest; sourceTree = BUILT_PRODUCTS_DIR; };
		6C33E3F41AE52DEF00BE5A92 /* Info.plist */ = {isa = PBXFileReference; lastKnownFileType = text.plist.xml; path = Info.plist; sourceTree = "<group>"; };
		6C33E3F51AE52DEF00BE5A92 /* PairsDemoTests.swift */ = {isa = PBXFileReference; lastKnownFileType = sourcecode.swift; path = PairsDemoTests.swift; sourceTree = "<group>"; };
		6C33E3FF1AE5310400BE5A92 /* MenuView.swift */ = {isa = PBXFileReference; fileEncoding = 4; lastKnownFileType = sourcecode.swift; path = MenuView.swift; sourceTree = "<group>"; };
/* End PBXFileReference section */

/* Begin PBXFrameworksBuildPhase section */
		6C33E3D71AE52DEF00BE5A92 /* Frameworks */ = {
			isa = PBXFrameworksBuildPhase;
			buildActionMask = 2147483647;
			files = (
			);
			runOnlyForDeploymentPostprocessing = 0;
		};
		6C33E3EC1AE52DEF00BE5A92 /* Frameworks */ = {
			isa = PBXFrameworksBuildPhase;
			buildActionMask = 2147483647;
			files = (
			);
			runOnlyForDeploymentPostprocessing = 0;
		};
/* End PBXFrameworksBuildPhase section */

/* Begin PBXGroup section */
		6C33E3D11AE52DEF00BE5A92 = {
			isa = PBXGroup;
			children = (
				6C33E3DC1AE52DEF00BE5A92 /* PairsDemo */,
				6C33E3F21AE52DEF00BE5A92 /* PairsDemoTests */,
				6C33E3DB1AE52DEF00BE5A92 /* Products */,
			);
			sourceTree = "<group>";
		};
		6C33E3DB1AE52DEF00BE5A92 /* Products */ = {
			isa = PBXGroup;
			children = (
				6C33E3DA1AE52DEF00BE5A92 /* PairsDemo.app */,
				6C33E3EF1AE52DEF00BE5A92 /* PairsDemoTests.xctest */,
			);
			name = Products;
			sourceTree = "<group>";
		};
		6C33E3DC1AE52DEF00BE5A92 /* PairsDemo */ = {
			isa = PBXGroup;
			children = (
				6C33E3DF1AE52DEF00BE5A92 /* AppDelegate.swift */,
				6C33E3E11AE52DEF00BE5A92 /* MenuViewController.swift */,
				6C33E3E61AE52DEF00BE5A92 /* Images.xcassets */,
				6C33E3E81AE52DEF00BE5A92 /* LaunchScreen.xib */,
				6C33E3DD1AE52DEF00BE5A92 /* Supporting Files */,
				6C33E3FF1AE5310400BE5A92 /* MenuView.swift */,
			);
			path = PairsDemo;
			sourceTree = "<group>";
		};
		6C33E3DD1AE52DEF00BE5A92 /* Supporting Files */ = {
			isa = PBXGroup;
			children = (
				6C33E3DE1AE52DEF00BE5A92 /* Info.plist */,
			);
			name = "Supporting Files";
			sourceTree = "<group>";
		};
		6C33E3F21AE52DEF00BE5A92 /* PairsDemoTests */ = {
			isa = PBXGroup;
			children = (
				6C33E3F51AE52DEF00BE5A92 /* PairsDemoTests.swift */,
				6C33E3F31AE52DEF00BE5A92 /* Supporting Files */,
			);
			path = PairsDemoTests;
			sourceTree = "<group>";
		};
		6C33E3F31AE52DEF00BE5A92 /* Supporting Files */ = {
			isa = PBXGroup;
			children = (
				6C33E3F41AE52DEF00BE5A92 /* Info.plist */,
			);
			name = "Supporting Files";
			sourceTree = "<group>";
		};
/* End PBXGroup section */

/* Begin PBXNativeTarget section */
		6C33E3D91AE52DEF00BE5A92 /* PairsDemo */ = {
			isa = PBXNativeTarget;
			buildConfigurationList = 6C33E3F91AE52DEF00BE5A92 /* Build configuration list for PBXNativeTarget "PairsDemo" */;
			buildPhases = (
				6C33E3D61AE52DEF00BE5A92 /* Sources */,
				6C33E3D71AE52DEF00BE5A92 /* Frameworks */,
				6C33E3D81AE52DEF00BE5A92 /* Resources */,
			);
			buildRules = (
			);
			dependencies = (
			);
			name = PairsDemo;
			productName = PairsDemo;
			productReference = 6C33E3DA1AE52DEF00BE5A92 /* PairsDemo.app */;
			productType = "com.apple.product-type.application";
		};
		6C33E3EE1AE52DEF00BE5A92 /* PairsDemoTests */ = {
			isa = PBXNativeTarget;
			buildConfigurationList = 6C33E3FC1AE52DEF00BE5A92 /* Build configuration list for PBXNativeTarget "PairsDemoTests" */;
			buildPhases = (
				6C33E3EB1AE52DEF00BE5A92 /* Sources */,
				6C33E3EC1AE52DEF00BE5A92 /* Frameworks */,
				6C33E3ED1AE52DEF00BE5A92 /* Resources */,
			);
			buildRules = (
			);
			dependencies = (
				6C33E3F11AE52DEF00BE5A92 /* PBXTargetDependency */,
			);
			name = PairsDemoTests;
			productName = PairsDemoTests;
			productReference = 6C33E3EF1AE52DEF00BE5A92 /* PairsDemoTests.xctest */;
			productType = "com.apple.product-type.bundle.unit-test";
		};
/* End PBXNativeTarget section */

/* Begin PBXProject section */
		6C33E3D21AE52DEF00BE5A92 /* Project object */ = {
			isa = PBXProject;
			attributes = {
				LastUpgradeCheck = 0620;
				ORGANIZATIONNAME = "Garrit UG (haftungsbeschränkt)";
				TargetAttributes = {
					6C33E3D91AE52DEF00BE5A92 = {
						CreatedOnToolsVersion = 6.2;
					};
					6C33E3EE1AE52DEF00BE5A92 = {
						CreatedOnToolsVersion = 6.2;
						TestTargetID = 6C33E3D91AE52DEF00BE5A92;
					};
				};
			};
			buildConfigurationList = 6C33E3D51AE52DEF00BE5A92 /* Build configuration list for PBXProject "PairsDemo" */;
			compatibilityVersion = "Xcode 3.2";
			developmentRegion = English;
			hasScannedForEncodings = 0;
			knownRegions = (
				en,
				Base,
			);
			mainGroup = 6C33E3D11AE52DEF00BE5A92;
			productRefGroup = 6C33E3DB1AE52DEF00BE5A92 /* Products */;
			projectDirPath = "";
			projectRoot = "";
			targets = (
				6C33E3D91AE52DEF00BE5A92 /* PairsDemo */,
				6C33E3EE1AE52DEF00BE5A92 /* PairsDemoTests */,
			);
		};
/* End PBXProject section */

/* Begin PBXResourcesBuildPhase section */
		6C33E3D81AE52DEF00BE5A92 /* Resources */ = {
			isa = PBXResourcesBuildPhase;
			buildActionMask = 2147483647;
			files = (
				6C33E3EA1AE52DEF00BE5A92 /* LaunchScreen.xib in Resources */,
				6C33E3E71AE52DEF00BE5A92 /* Images.xcassets in Resources */,
			);
			runOnlyForDeploymentPostprocessing = 0;
		};
		6C33E3ED1AE52DEF00BE5A92 /* Resources */ = {
			isa = PBXResourcesBuildPhase;
			buildActionMask = 2147483647;
			files = (
			);
			runOnlyForDeploymentPostprocessing = 0;
		};
/* End PBXResourcesBuildPhase section */

/* Begin PBXSourcesBuildPhase section */
		6C33E3D61AE52DEF00BE5A92 /* Sources */ = {
			isa = PBXSourcesBuildPhase;
			buildActionMask = 2147483647;
			files = (
				6C33E3E21AE52DEF00BE5A92 /* MenuViewController.swift in Sources */,
				6C33E4001AE5310400BE5A92 /* MenuView.swift in Sources */,
				6C33E3E01AE52DEF00BE5A92 /* AppDelegate.swift in Sources */,
			);
			runOnlyForDeploymentPostprocessing = 0;
		};
		6C33E3EB1AE52DEF00BE5A92 /* Sources */ = {
			isa = PBXSourcesBuildPhase;
			buildActionMask = 2147483647;
			files = (
				6C33E3F61AE52DEF00BE5A92 /* PairsDemoTests.swift in Sources */,
			);
			runOnlyForDeploymentPostprocessing = 0;
		};
/* End PBXSourcesBuildPhase section */

/* Begin PBXTargetDependency section */
		6C33E3F11AE52DEF00BE5A92 /* PBXTargetDependency */ = {
			isa = PBXTargetDependency;
			target = 6C33E3D91AE52DEF00BE5A92 /* PairsDemo */;
			targetProxy = 6C33E3F01AE52DEF00BE5A92 /* PBXContainerItemProxy */;
		};
/* End PBXTargetDependency section */

/* Begin PBXVariantGroup section */
		6C33E3E81AE52DEF00BE5A92 /* LaunchScreen.xib */ = {
			isa = PBXVariantGroup;
			children = (
				6C33E3E91AE52DEF00BE5A92 /* Base */,
			);
			name = LaunchScreen.xib;
			sourceTree = "<group>";
		};
/* End PBXVariantGroup section */

/* Begin XCBuildConfiguration section */
		6C33E3F71AE52DEF00BE5A92 /* Debug */ = {
			isa = XCBuildConfiguration;
			buildSettings = {
				ALWAYS_SEARCH_USER_PATHS = NO;
				CLANG_CXX_LANGUAGE_STANDARD = "gnu++0x";
				CLANG_CXX_LIBRARY = "libc++";
				CLANG_ENABLE_MODULES = YES;
				CLANG_ENABLE_OBJC_ARC = YES;
				CLANG_WARN_BOOL_CONVERSION = YES;
				CLANG_WARN_CONSTANT_CONVERSION = YES;
				CLANG_WARN_DIRECT_OBJC_ISA_USAGE = YES_ERROR;
				CLANG_WARN_EMPTY_BODY = YES;
				CLANG_WARN_ENUM_CONVERSION = YES;
				CLANG_WARN_INT_CONVERSION = YES;
				CLANG_WARN_OBJC_ROOT_CLASS = YES_ERROR;
				CLANG_WARN_UNREACHABLE_CODE = YES;
				CLANG_WARN__DUPLICATE_METHOD_MATCH = YES;
				"CODE_SIGN_IDENTITY[sdk=iphoneos*]" = "iPhone Developer";
				COPY_PHASE_STRIP = NO;
				ENABLE_STRICT_OBJC_MSGSEND = YES;
				GCC_C_LANGUAGE_STANDARD = gnu99;
				GCC_DYNAMIC_NO_PIC = NO;
				GCC_OPTIMIZATION_LEVEL = 0;
				GCC_PREPROCESSOR_DEFINITIONS = (
					"DEBUG=1",
					"$(inherited)",
				);
				GCC_SYMBOLS_PRIVATE_EXTERN = NO;
				GCC_WARN_64_TO_32_BIT_CONVERSION = YES;
				GCC_WARN_ABOUT_RETURN_TYPE = YES_ERROR;
				GCC_WARN_UNDECLARED_SELECTOR = YES;
				GCC_WARN_UNINITIALIZED_AUTOS = YES_AGGRESSIVE;
				GCC_WARN_UNUSED_FUNCTION = YES;
				GCC_WARN_UNUSED_VARIABLE = YES;
				IPHONEOS_DEPLOYMENT_TARGET = 8.2;
				MTL_ENABLE_DEBUG_INFO = YES;
				ONLY_ACTIVE_ARCH = YES;
				SDKROOT = iphoneos;
				SWIFT_OPTIMIZATION_LEVEL = "-Onone";
			};
			name = Debug;
		};
		6C33E3F81AE52DEF00BE5A92 /* Release */ = {
			isa = XCBuildConfiguration;
			buildSettings = {
				ALWAYS_SEARCH_USER_PATHS = NO;
				CLANG_CXX_LANGUAGE_STANDARD = "gnu++0x";
				CLANG_CXX_LIBRARY = "libc++";
				CLANG_ENABLE_MODULES = YES;
				CLANG_ENABLE_OBJC_ARC = YES;
				CLANG_WARN_BOOL_CONVERSION = YES;
				CLANG_WARN_CONSTANT_CONVERSION = YES;
				CLANG_WARN_DIRECT_OBJC_ISA_USAGE = YES_ERROR;
				CLANG_WARN_EMPTY_BODY = YES;
				CLANG_WARN_ENUM_CONVERSION = YES;
				CLANG_WARN_INT_CONVERSION = YES;
				CLANG_WARN_OBJC_ROOT_CLASS = YES_ERROR;
				CLANG_WARN_UNREACHABLE_CODE = YES;
				CLANG_WARN__DUPLICATE_METHOD_MATCH = YES;
				"CODE_SIGN_IDENTITY[sdk=iphoneos*]" = "iPhone Developer";
				COPY_PHASE_STRIP = NO;
				ENABLE_NS_ASSERTIONS = NO;
				ENABLE_STRICT_OBJC_MSGSEND = YES;
				GCC_C_LANGUAGE_STANDARD = gnu99;
				GCC_WARN_64_TO_32_BIT_CONVERSION = YES;
				GCC_WARN_ABOUT_RETURN_TYPE = YES_ERROR;
				GCC_WARN_UNDECLARED_SELECTOR = YES;
				GCC_WARN_UNINITIALIZED_AUTOS = YES_AGGRESSIVE;
				GCC_WARN_UNUSED_FUNCTION = YES;
				GCC_WARN_UNUSED_VARIABLE = YES;
				IPHONEOS_DEPLOYMENT_TARGET = 8.2;
				MTL_ENABLE_DEBUG_INFO = NO;
				SDKROOT = iphoneos;
				VALIDATE_PRODUCT = YES;
			};
			name = Release;
		};
		6C33E3FA1AE52DEF00BE5A92 /* Debug */ = {
			isa = XCBuildConfiguration;
			buildSettings = {
				ASSETCATALOG_COMPILER_APPICON_NAME = AppIcon;
				INFOPLIST_FILE = PairsDemo/Info.plist;
				LD_RUNPATH_SEARCH_PATHS = "$(inherited) @executable_path/Frameworks";
				PRODUCT_NAME = "$(TARGET_NAME)";
			};
			name = Debug;
		};
		6C33E3FB1AE52DEF00BE5A92 /* Release */ = {
			isa = XCBuildConfiguration;
			buildSettings = {
				ASSETCATALOG_COMPILER_APPICON_NAME = AppIcon;
				INFOPLIST_FILE = PairsDemo/Info.plist;
				LD_RUNPATH_SEARCH_PATHS = "$(inherited) @executable_path/Frameworks";
				PRODUCT_NAME = "$(TARGET_NAME)";
			};
			name = Release;
		};
		6C33E3FD1AE52DEF00BE5A92 /* Debug */ = {
			isa = XCBuildConfiguration;
			buildSettings = {
				BUNDLE_LOADER = "$(TEST_HOST)";
				FRAMEWORK_SEARCH_PATHS = (
					"$(SDKROOT)/Developer/Library/Frameworks",
					"$(inherited)",
				);
				GCC_PREPROCESSOR_DEFINITIONS = (
					"DEBUG=1",
					"$(inherited)",
				);
				INFOPLIST_FILE = PairsDemoTests/Info.plist;
				LD_RUNPATH_SEARCH_PATHS = "$(inherited) @executable_path/Frameworks @loader_path/Frameworks";
				PRODUCT_NAME = "$(TARGET_NAME)";
				TEST_HOST = "$(BUILT_PRODUCTS_DIR)/PairsDemo.app/PairsDemo";
			};
			name = Debug;
		};
		6C33E3FE1AE52DEF00BE5A92 /* Release */ = {
			isa = XCBuildConfiguration;
			buildSettings = {
				BUNDLE_LOADER = "$(TEST_HOST)";
				FRAMEWORK_SEARCH_PATHS = (
					"$(SDKROOT)/Developer/Library/Frameworks",
					"$(inherited)",
				);
				INFOPLIST_FILE = PairsDemoTests/Info.plist;
				LD_RUNPATH_SEARCH_PATHS = "$(inherited) @executable_path/Frameworks @loader_path/Frameworks";
				PRODUCT_NAME = "$(TARGET_NAME)";
				TEST_HOST = "$(BUILT_PRODUCTS_DIR)/PairsDemo.app/PairsDemo";
			};
			name = Release;
		};
/* End XCBuildConfiguration section */

/* Begin XCConfigurationList section */
		6C33E3D51AE52DEF00BE5A92 /* Build configuration list for PBXProject "PairsDemo" */ = {
			isa = XCConfigurationList;
			buildConfigurations = (
				6C33E3F71AE52DEF00BE5A92 /* Debug */,
				6C33E3F81AE52DEF00BE5A92 /* Release */,
			);
			defaultConfigurationIsVisible = 0;
			defaultConfigurationName = Release;
		};
		6C33E3F91AE52DEF00BE5A92 /* Build configuration list for PBXNativeTarget "PairsDemo" */ = {
			isa = XCConfigurationList;
			buildConfigurations = (
				6C33E3FA1AE52DEF00BE5A92 /* Debug */,
				6C33E3FB1AE52DEF00BE5A92 /* Release */,
			);
			defaultConfigurationIsVisible = 0;
		};
		6C33E3FC1AE52DEF00BE5A92 /* Build configuration list for PBXNativeTarget "PairsDemoTests" */ = {
			isa = XCConfigurationList;
			buildConfigurations = (
				6C33E3FD1AE52DEF00BE5A92 /* Debug */,
				6C33E3FE1AE52DEF00BE5A92 /* Release */,
			);
			defaultConfigurationIsVisible = 0;
		};
/* End XCConfigurationList section */
	};
	rootObject = 6C33E3D21AE52DEF00BE5A92 /* Project object */;
}
